{
  "nodes": {
    "nixpkgs": {
      "locked": {
        "lastModified": 1775258401,
        "narHash": "sha256-EJhEaasgzEtshf47HHX8VCLB63zll5e6hZR1b0Tjofo=",
        "owner": "nixos",
        "repo": "nixpkgs",
        "rev": "a6c3b1bbaa0d39d37e8472438c81c7bd7989e453",
        "type": "github"
      },
      "original": {
        "owner": "nixos",
        "repo": "nixpkgs",
        "type": "github"
      }
    },
    "root": {
      "inputs": {
        "nixpkgs": "nixpkgs"
      }
    }
  },
  "root": "root",
  "version": 7
}
